
Microsoft Visual Studio Solution File, Format Version 12.00
# Visual Studio Version 16
VisualStudioVersion = 16.0.31410.357
MinimumVisualStudioVersion = 10.0.40219.1
Project("{2150E333-8FDC-42A3-9474-1A3956D46DE8}") = "src", "src", "{6D44663C-4210-457B-97E9-C93D7FFAC156}"
EndProject
Project("{9A19103F-16F7-4668-BE54-9A1E7A4F7556}") = "AllisonOwenWedding", "AllisonOwenWedding\src\AllisonOwenWedding.csproj", "{10D25150-AA0A-44C6-A0AD-63CD035D73CC}"
EndProject
Project("{2150E333-8FDC-42A3-9474-1A3956D46DE8}") = "tests", "tests", "{D155BF2D-F705-4AA4-8477-DE52EAFEECE5}"
EndProject
Project("{9A19103F-16F7-4668-BE54-9A1E7A4F7556}") = "AllisonOwenWedding.UnitTests", "AllisonOwenWedding\tests\AllisonOwenWedding.UnitTests\AllisonOwenWedding.UnitTests.csproj", "{3D2DCADF-D676-4A9C-A868-E8B8D76A1908}"
EndProject
Global
	GlobalSection(SolutionConfigurationPlatforms) = preSolution
		Debug|Any CPU = Debug|Any CPU
		Release|Any CPU = Release|Any CPU
	EndGlobalSection
	GlobalSection(ProjectConfigurationPlatforms) = postSolution
		{10D25150-AA0A-44C6-A0AD-63CD035D73CC}.Debug|Any CPU.ActiveCfg = Debug|Any CPU
		{10D25150-AA0A-44C6-A0AD-63CD035D73CC}.Debug|Any CPU.Build.0 = Debug|Any CPU
		{10D25150-AA0A-44C6-A0AD-63CD035D73CC}.Release|Any CPU.ActiveCfg = Release|Any CPU
		{10D25150-AA0A-44C6-A0AD-63CD035D73CC}.Release|Any CPU.Build.0 = Release|Any CPU
		{3D2DCADF-D676-4A9C-A868-E8B8D76A1908}.Debug|Any CPU.ActiveCfg = Debug|Any CPU
		{3D2DCADF-D676-4A9C-A868-E8B8D76A1908}.Debug|Any CPU.Build.0 = Debug|Any CPU
		{3D2DCADF-D676-4A9C-A868-E8B8D76A1908}.Release|Any CPU.ActiveCfg = Release|Any CPU
		{3D2DCADF-D676-4A9C-A868-E8B8D76A1908}.Release|Any CPU.Build.0 = Release|Any CPU
	EndGlobalSection
	GlobalSection(SolutionProperties) = preSolution
		HideSolutionNode = FALSE
	EndGlobalSection
	GlobalSection(NestedProjects) = preSolution
		{10D25150-AA0A-44C6-A0AD-63CD035D73CC} = {6D44663C-4210-457B-97E9-C93D7FFAC156}
		{3D2DCADF-D676-4A9C-A868-E8B8D76A1908} = {D155BF2D-F705-4AA4-8477-DE52EAFEECE5}
	EndGlobalSection
	GlobalSection(ExtensibilityGlobals) = postSolution
		SolutionGuid = {164C1F5E-7711-4CAB-A532-F3EB4A0D1288}
	EndGlobalSection
EndGlobal
